// !$*UTF8*$!
{
	archiveVersion = 1;
	classes = {
	};
	objectVersion = 50;
	objects = {

/* Begin PBXBuildFile section */
		054258BF230B951100FE545D /* Models.swift in Sources */ = {isa = PBXBuildFile; fileRef = 054258BE230B951100FE545D /* Models.swift */; };
		054258C1230C53BD00FE545D /* MockData.swift in Sources */ = {isa = PBXBuildFile; fileRef = 054258C0230C53BD00FE545D /* MockData.swift */; };
		054258C3230C552300FE545D /* ItemAndTaxState.swift in Sources */ = {isa = PBXBuildFile; fileRef = 054258C2230C552300FE545D /* ItemAndTaxState.swift */; };
		05475E32230B1FD000D8DEFC /* AppDelegate.swift in Sources */ = {isa = PBXBuildFile; fileRef = 05475E31230B1FD000D8DEFC /* AppDelegate.swift */; };
		05475E34230B1FD000D8DEFC /* SceneDelegate.swift in Sources */ = {isa = PBXBuildFile; fileRef = 05475E33230B1FD000D8DEFC /* SceneDelegate.swift */; };
		05475E36230B1FD000D8DEFC /* ContentView.swift in Sources */ = {isa = PBXBuildFile; fileRef = 05475E35230B1FD000D8DEFC /* ContentView.swift */; };
		05475E38230B1FDA00D8DEFC /* Assets.xcassets in Resources */ = {isa = PBXBuildFile; fileRef = 05475E37230B1FDA00D8DEFC /* Assets.xcassets */; };
		05475E3B230B1FDA00D8DEFC /* Preview Assets.xcassets in Resources */ = {isa = PBXBuildFile; fileRef = 05475E3A230B1FDA00D8DEFC /* Preview Assets.xcassets */; };
		05475E3E230B1FDA00D8DEFC /* LaunchScreen.storyboard in Resources */ = {isa = PBXBuildFile; fileRef = 05475E3C230B1FDA00D8DEFC /* LaunchScreen.storyboard */; };
		05475E49230B1FDA00D8DEFC /* ItemDraftTests.swift in Sources */ = {isa = PBXBuildFile; fileRef = 05475E48230B1FDA00D8DEFC /* ItemDraftTests.swift */; };
		05475E54230B1FDA00D8DEFC /* ItemDraftUITests.swift in Sources */ = {isa = PBXBuildFile; fileRef = 05475E53230B1FDA00D8DEFC /* ItemDraftUITests.swift */; };
		05475E62230B20A900D8DEFC /* UpdateItem.swift in Sources */ = {isa = PBXBuildFile; fileRef = 05475E61230B20A900D8DEFC /* UpdateItem.swift */; };
		05475E64230B243100D8DEFC /* TaxList.swift in Sources */ = {isa = PBXBuildFile; fileRef = 05475E63230B243100D8DEFC /* TaxList.swift */; };
		05475E66230B244B00D8DEFC /* TaxListView.swift in Sources */ = {isa = PBXBuildFile; fileRef = 05475E65230B244B00D8DEFC /* TaxListView.swift */; };
		05475E68230B2A3C00D8DEFC /* SavedItemsView.swift in Sources */ = {isa = PBXBuildFile; fileRef = 05475E67230B2A3C00D8DEFC /* SavedItemsView.swift */; };
		05475E6A230B2C2300D8DEFC /* CurrentItemsList.swift in Sources */ = {isa = PBXBuildFile; fileRef = 05475E69230B2C2300D8DEFC /* CurrentItemsList.swift */; };
		05475E6C230B390100D8DEFC /* IndividualItemView.swift in Sources */ = {isa = PBXBuildFile; fileRef = 05475E6B230B390100D8DEFC /* IndividualItemView.swift */; };
/* End PBXBuildFile section */

/* Begin PBXContainerItemProxy section */
		05475E45230B1FDA00D8DEFC /* PBXContainerItemProxy */ = {
			isa = PBXContainerItemProxy;
			containerPortal = 05475E26230B1FD000D8DEFC /* Project object */;
			proxyType = 1;
			remoteGlobalIDString = 05475E2D230B1FD000D8DEFC;
			remoteInfo = ItemDraft;
		};
		05475E50230B1FDA00D8DEFC /* PBXContainerItemProxy */ = {
			isa = PBXContainerItemProxy;
			containerPortal = 05475E26230B1FD000D8DEFC /* Project object */;
			proxyType = 1;
			remoteGlobalIDString = 05475E2D230B1FD000D8DEFC;
			remoteInfo = ItemDraft;
		};
/* End PBXContainerItemProxy section */

/* Begin PBXFileReference section */
		054258BE230B951100FE545D /* Models.swift */ = {isa = PBXFileReference; lastKnownFileType = sourcecode.swift; path = Models.swift; sourceTree = "<group>"; };
		054258C0230C53BD00FE545D /* MockData.swift */ = {isa = PBXFileReference; lastKnownFileType = sourcecode.swift; path = MockData.swift; sourceTree = "<group>"; };
		054258C2230C552300FE545D /* ItemAndTaxState.swift */ = {isa = PBXFileReference; lastKnownFileType = sourcecode.swift; path = ItemAndTaxState.swift; sourceTree = "<group>"; };
		05475E2E230B1FD000D8DEFC /* ItemDraft.app */ = {isa = PBXFileReference; explicitFileType = wrapper.application; includeInIndex = 0; path = ItemDraft.app; sourceTree = BUILT_PRODUCTS_DIR; };
		05475E31230B1FD000D8DEFC /* AppDelegate.swift */ = {isa = PBXFileReference; lastKnownFileType = sourcecode.swift; path = AppDelegate.swift; sourceTree = "<group>"; };
		05475E33230B1FD000D8DEFC /* SceneDelegate.swift */ = {isa = PBXFileReference; lastKnownFileType = sourcecode.swift; path = SceneDelegate.swift; sourceTree = "<group>"; };
		05475E35230B1FD000D8DEFC /* ContentView.swift */ = {isa = PBXFileReference; lastKnownFileType = sourcecode.swift; path = ContentView.swift; sourceTree = "<group>"; };
		05475E37230B1FDA00D8DEFC /* Assets.xcassets */ = {isa = PBXFileReference; lastKnownFileType = folder.assetcatalog; path = Assets.xcassets; sourceTree = "<group>"; };
		05475E3A230B1FDA00D8DEFC /* Preview Assets.xcassets */ = {isa = PBXFileReference; lastKnownFileType = folder.assetcatalog; path = "Preview Assets.xcassets"; sourceTree = "<group>"; };
		05475E3D230B1FDA00D8DEFC /* Base */ = {isa = PBXFileReference; lastKnownFileType = file.storyboard; name = Base; path = Base.lproj/LaunchScreen.storyboard; sourceTree = "<group>"; };
		05475E3F230B1FDA00D8DEFC /* Info.plist */ = {isa = PBXFileReference; lastKnownFileType = text.plist.xml; path = Info.plist; sourceTree = "<group>"; };
		05475E44230B1FDA00D8DEFC /* ItemDraftTests.xctest */ = {isa = PBXFileReference; explicitFileType = wrapper.cfbundle; includeInIndex = 0; path = ItemDraftTests.xctest; sourceTree = BUILT_PRODUCTS_DIR; };
		05475E48230B1FDA00D8DEFC /* ItemDraftTests.swift */ = {isa = PBXFileReference; lastKnownFileType = sourcecode.swift; path = ItemDraftTests.swift; sourceTree = "<group>"; };
		05475E4A230B1FDA00D8DEFC /* Info.plist */ = {isa = PBXFileReference; lastKnownFileType = text.plist.xml; path = Info.plist; sourceTree = "<group>"; };
		05475E4F230B1FDA00D8DEFC /* ItemDraftUITests.xctest */ = {isa = PBXFileReference; explicitFileType = wrapper.cfbundle; includeInIndex = 0; path = ItemDraftUITests.xctest; sourceTree = BUILT_PRODUCTS_DIR; };
		05475E53230B1FDA00D8DEFC /* ItemDraftUITests.swift */ = {isa = PBXFileReference; lastKnownFileType = sourcecode.swift; path = ItemDraftUITests.swift; sourceTree = "<group>"; };
		05475E55230B1FDA00D8DEFC /* Info.plist */ = {isa = PBXFileReference; lastKnownFileType = text.plist.xml; path = Info.plist; sourceTree = "<group>"; };
		05475E61230B20A900D8DEFC /* UpdateItem.swift */ = {isa = PBXFileReference; lastKnownFileType = sourcecode.swift; path = UpdateItem.swift; sourceTree = "<group>"; };
		05475E63230B243100D8DEFC /* TaxList.swift */ = {isa = PBXFileReference; lastKnownFileType = sourcecode.swift; path = TaxList.swift; sourceTree = "<group>"; };
		05475E65230B244B00D8DEFC /* TaxListView.swift */ = {isa = PBXFileReference; lastKnownFileType = sourcecode.swift; path = TaxListView.swift; sourceTree = "<group>"; };
		05475E67230B2A3C00D8DEFC /* SavedItemsView.swift */ = {isa = PBXFileReference; lastKnownFileType = sourcecode.swift; path = SavedItemsView.swift; sourceTree = "<group>"; };
		05475E69230B2C2300D8DEFC /* CurrentItemsList.swift */ = {isa = PBXFileReference; lastKnownFileType = sourcecode.swift; path = CurrentItemsList.swift; sourceTree = "<group>"; };
		05475E6B230B390100D8DEFC /* IndividualItemView.swift */ = {isa = PBXFileReference; lastKnownFileType = sourcecode.swift; path = IndividualItemView.swift; sourceTree = "<group>"; };
/* End PBXFileReference section */

/* Begin PBXFrameworksBuildPhase section */
		05475E2B230B1FD000D8DEFC /* Frameworks */ = {
			isa = PBXFrameworksBuildPhase;
			buildActionMask = 2147483647;
			files = (
			);
			runOnlyForDeploymentPostprocessing = 0;
		};
		05475E41230B1FDA00D8DEFC /* Frameworks */ = {
			isa = PBXFrameworksBuildPhase;
			buildActionMask = 2147483647;
			files = (
			);
			runOnlyForDeploymentPostprocessing = 0;
		};
		05475E4C230B1FDA00D8DEFC /* Frameworks */ = {
			isa = PBXFrameworksBuildPhase;
			buildActionMask = 2147483647;
			files = (
			);
			runOnlyForDeploymentPostprocessing = 0;
		};
/* End PBXFrameworksBuildPhase section */

/* Begin PBXGroup section */
		05475E25230B1FD000D8DEFC = {
			isa = PBXGroup;
			children = (
				05475E30230B1FD000D8DEFC /* ItemDraft */,
				05475E47230B1FDA00D8DEFC /* ItemDraftTests */,
				05475E52230B1FDA00D8DEFC /* ItemDraftUITests */,
				05475E2F230B1FD000D8DEFC /* Products */,
			);
			sourceTree = "<group>";
		};
		05475E2F230B1FD000D8DEFC /* Products */ = {
			isa = PBXGroup;
			children = (
				05475E2E230B1FD000D8DEFC /* ItemDraft.app */,
				05475E44230B1FDA00D8DEFC /* ItemDraftTests.xctest */,
				05475E4F230B1FDA00D8DEFC /* ItemDraftUITests.xctest */,
			);
			name = Products;
			sourceTree = "<group>";
		};
		05475E30230B1FD000D8DEFC /* ItemDraft */ = {
			isa = PBXGroup;
			children = (
				05475E31230B1FD000D8DEFC /* AppDelegate.swift */,
				05475E33230B1FD000D8DEFC /* SceneDelegate.swift */,
				05475E35230B1FD000D8DEFC /* ContentView.swift */,
				05475E37230B1FDA00D8DEFC /* Assets.xcassets */,
				05475E3C230B1FDA00D8DEFC /* LaunchScreen.storyboard */,
				05475E3F230B1FDA00D8DEFC /* Info.plist */,
				05475E39230B1FDA00D8DEFC /* Preview Content */,
				05475E61230B20A900D8DEFC /* UpdateItem.swift */,
				05475E63230B243100D8DEFC /* TaxList.swift */,
				05475E65230B244B00D8DEFC /* TaxListView.swift */,
				05475E67230B2A3C00D8DEFC /* SavedItemsView.swift */,
				05475E69230B2C2300D8DEFC /* CurrentItemsList.swift */,
				05475E6B230B390100D8DEFC /* IndividualItemView.swift */,
				054258BE230B951100FE545D /* Models.swift */,
				054258C0230C53BD00FE545D /* MockData.swift */,
				054258C2230C552300FE545D /* ItemAndTaxState.swift */,
			);
			path = ItemDraft;
			sourceTree = "<group>";
		};
		05475E39230B1FDA00D8DEFC /* Preview Content */ = {
			isa = PBXGroup;
			children = (
				05475E3A230B1FDA00D8DEFC /* Preview Assets.xcassets */,
			);
			path = "Preview Content";
			sourceTree = "<group>";
		};
		05475E47230B1FDA00D8DEFC /* ItemDraftTests */ = {
			isa = PBXGroup;
			children = (
				05475E48230B1FDA00D8DEFC /* ItemDraftTests.swift */,
				05475E4A230B1FDA00D8DEFC /* Info.plist */,
			);
			path = ItemDraftTests;
			sourceTree = "<group>";
		};
		05475E52230B1FDA00D8DEFC /* ItemDraftUITests */ = {
			isa = PBXGroup;
			children = (
				05475E53230B1FDA00D8DEFC /* ItemDraftUITests.swift */,
				05475E55230B1FDA00D8DEFC /* Info.plist */,
			);
			path = ItemDraftUITests;
			sourceTree = "<group>";
		};
/* End PBXGroup section */

/* Begin PBXNativeTarget section */
		05475E2D230B1FD000D8DEFC /* ItemDraft */ = {
			isa = PBXNativeTarget;
			buildConfigurationList = 05475E58230B1FDB00D8DEFC /* Build configuration list for PBXNativeTarget "ItemDraft" */;
			buildPhases = (
				05475E2A230B1FD000D8DEFC /* Sources */,
				05475E2B230B1FD000D8DEFC /* Frameworks */,
				05475E2C230B1FD000D8DEFC /* Resources */,
			);
			buildRules = (
			);
			dependencies = (
			);
			name = ItemDraft;
			productName = ItemDraft;
			productReference = 05475E2E230B1FD000D8DEFC /* ItemDraft.app */;
			productType = "com.apple.product-type.application";
		};
		05475E43230B1FDA00D8DEFC /* ItemDraftTests */ = {
			isa = PBXNativeTarget;
			buildConfigurationList = 05475E5B230B1FDB00D8DEFC /* Build configuration list for PBXNativeTarget "ItemDraftTests" */;
			buildPhases = (
				05475E40230B1FDA00D8DEFC /* Sources */,
				05475E41230B1FDA00D8DEFC /* Frameworks */,
				05475E42230B1FDA00D8DEFC /* Resources */,
			);
			buildRules = (
			);
			dependencies = (
				05475E46230B1FDA00D8DEFC /* PBXTargetDependency */,
			);
			name = ItemDraftTests;
			productName = ItemDraftTests;
			productReference = 05475E44230B1FDA00D8DEFC /* ItemDraftTests.xctest */;
			productType = "com.apple.product-type.bundle.unit-test";
		};
		05475E4E230B1FDA00D8DEFC /* ItemDraftUITests */ = {
			isa = PBXNativeTarget;
			buildConfigurationList = 05475E5E230B1FDB00D8DEFC /* Build configuration list for PBXNativeTarget "ItemDraftUITests" */;
			buildPhases = (
				05475E4B230B1FDA00D8DEFC /* Sources */,
				05475E4C230B1FDA00D8DEFC /* Frameworks */,
				05475E4D230B1FDA00D8DEFC /* Resources */,
			);
			buildRules = (
			);
			dependencies = (
				05475E51230B1FDA00D8DEFC /* PBXTargetDependency */,
			);
			name = ItemDraftUITests;
			productName = ItemDraftUITests;
			productReference = 05475E4F230B1FDA00D8DEFC /* ItemDraftUITests.xctest */;
			productType = "com.apple.product-type.bundle.ui-testing";
		};
/* End PBXNativeTarget section */

/* Begin PBXProject section */
		05475E26230B1FD000D8DEFC /* Project object */ = {
			isa = PBXProject;
			attributes = {
				LastSwiftUpdateCheck = 1100;
				LastUpgradeCheck = 1100;
				ORGANIZATIONNAME = "Scott OToole";
				TargetAttributes = {
					05475E2D230B1FD000D8DEFC = {
						CreatedOnToolsVersion = 11.0;
					};
					05475E43230B1FDA00D8DEFC = {
						CreatedOnToolsVersion = 11.0;
						TestTargetID = 05475E2D230B1FD000D8DEFC;
					};
					05475E4E230B1FDA00D8DEFC = {
						CreatedOnToolsVersion = 11.0;
						TestTargetID = 05475E2D230B1FD000D8DEFC;
					};
				};
			};
			buildConfigurationList = 05475E29230B1FD000D8DEFC /* Build configuration list for PBXProject "ItemDraft" */;
			compatibilityVersion = "Xcode 9.3";
			developmentRegion = en;
			hasScannedForEncodings = 0;
			knownRegions = (
				en,
				Base,
			);
			mainGroup = 05475E25230B1FD000D8DEFC;
			productRefGroup = 05475E2F230B1FD000D8DEFC /* Products */;
			projectDirPath = "";
			projectRoot = "";
			targets = (
				05475E2D230B1FD000D8DEFC /* ItemDraft */,
				05475E43230B1FDA00D8DEFC /* ItemDraftTests */,
				05475E4E230B1FDA00D8DEFC /* ItemDraftUITests */,
			);
		};
/* End PBXProject section */

/* Begin PBXResourcesBuildPhase section */
		05475E2C230B1FD000D8DEFC /* Resources */ = {
			isa = PBXResourcesBuildPhase;
			buildActionMask = 2147483647;
			files = (
				05475E3E230B1FDA00D8DEFC /* LaunchScreen.storyboard in Resources */,
				05475E3B230B1FDA00D8DEFC /* Preview Assets.xcassets in Resources */,
				05475E38230B1FDA00D8DEFC /* Assets.xcassets in Resources */,
			);
			runOnlyForDeploymentPostprocessing = 0;
		};
		05475E42230B1FDA00D8DEFC /* Resources */ = {
			isa = PBXResourcesBuildPhase;
			buildActionMask = 2147483647;
			files = (
			);
			runOnlyForDeploymentPostprocessing = 0;
		};
		05475E4D230B1FDA00D8DEFC /* Resources */ = {
			isa = PBXResourcesBuildPhase;
			buildActionMask = 2147483647;
			files = (
			);
			runOnlyForDeploymentPostprocessing = 0;
		};
/* End PBXResourcesBuildPhase section */

/* Begin PBXSourcesBuildPhase section */
		05475E2A230B1FD000D8DEFC /* Sources */ = {
			isa = PBXSourcesBuildPhase;
			buildActionMask = 2147483647;
			files = (
				054258C3230C552300FE545D /* ItemAndTaxState.swift in Sources */,
				05475E68230B2A3C00D8DEFC /* SavedItemsView.swift in Sources */,
				05475E32230B1FD000D8DEFC /* AppDelegate.swift in Sources */,
				05475E6A230B2C2300D8DEFC /* CurrentItemsList.swift in Sources */,
				05475E62230B20A900D8DEFC /* UpdateItem.swift in Sources */,
				05475E66230B244B00D8DEFC /* TaxListView.swift in Sources */,
				05475E6C230B390100D8DEFC /* IndividualItemView.swift in Sources */,
				05475E34230B1FD000D8DEFC /* SceneDelegate.swift in Sources */,
				05475E36230B1FD000D8DEFC /* ContentView.swift in Sources */,
				05475E64230B243100D8DEFC /* TaxList.swift in Sources */,
				054258C1230C53BD00FE545D /* MockData.swift in Sources */,
				054258BF230B951100FE545D /* Models.swift in Sources */,
			);
			runOnlyForDeploymentPostprocessing = 0;
		};
		05475E40230B1FDA00D8DEFC /* Sources */ = {
			isa = PBXSourcesBuildPhase;
			buildActionMask = 2147483647;
			files = (
				05475E49230B1FDA00D8DEFC /* ItemDraftTests.swift in Sources */,
			);
			runOnlyForDeploymentPostprocessing = 0;
		};
		05475E4B230B1FDA00D8DEFC /* Sources */ = {
			isa = PBXSourcesBuildPhase;
			buildActionMask = 2147483647;
			files = (
				05475E54230B1FDA00D8DEFC /* ItemDraftUITests.swift in Sources */,
			);
			runOnlyForDeploymentPostprocessing = 0;
		};
/* End PBXSourcesBuildPhase section */

/* Begin PBXTargetDependency section */
		05475E46230B1FDA00D8DEFC /* PBXTargetDependency */ = {
			isa = PBXTargetDependency;
			target = 05475E2D230B1FD000D8DEFC /* ItemDraft */;
			targetProxy = 05475E45230B1FDA00D8DEFC /* PBXContainerItemProxy */;
		};
		05475E51230B1FDA00D8DEFC /* PBXTargetDependency */ = {
			isa = PBXTargetDependency;
			target = 05475E2D230B1FD000D8DEFC /* ItemDraft */;
			targetProxy = 05475E50230B1FDA00D8DEFC /* PBXContainerItemProxy */;
		};
/* End PBXTargetDependency section */

/* Begin PBXVariantGroup section */
		05475E3C230B1FDA00D8DEFC /* LaunchScreen.storyboard */ = {
			isa = PBXVariantGroup;
			children = (
				05475E3D230B1FDA00D8DEFC /* Base */,
			);
			name = LaunchScreen.storyboard;
			sourceTree = "<group>";
		};
/* End PBXVariantGroup section */

/* Begin XCBuildConfiguration section */
		05475E56230B1FDB00D8DEFC /* Debug */ = {
			isa = XCBuildConfiguration;
			buildSettings = {
				ALWAYS_SEARCH_USER_PATHS = NO;
				CLANG_ANALYZER_NONNULL = YES;
				CLANG_ANALYZER_NUMBER_OBJECT_CONVERSION = YES_AGGRESSIVE;
				CLANG_CXX_LANGUAGE_STANDARD = "gnu++14";
				CLANG_CXX_LIBRARY = "libc++";
				CLANG_ENABLE_MODULES = YES;
				CLANG_ENABLE_OBJC_ARC = YES;
				CLANG_ENABLE_OBJC_WEAK = YES;
				CLANG_WARN_BLOCK_CAPTURE_AUTORELEASING = YES;
				CLANG_WARN_BOOL_CONVERSION = YES;
				CLANG_WARN_COMMA = YES;
				CLANG_WARN_CONSTANT_CONVERSION = YES;
				CLANG_WARN_DEPRECATED_OBJC_IMPLEMENTATIONS = YES;
				CLANG_WARN_DIRECT_OBJC_ISA_USAGE = YES_ERROR;
				CLANG_WARN_DOCUMENTATION_COMMENTS = YES;
				CLANG_WARN_EMPTY_BODY = YES;
				CLANG_WARN_ENUM_CONVERSION = YES;
				CLANG_WARN_INFINITE_RECURSION = YES;
				CLANG_WARN_INT_CONVERSION = YES;
				CLANG_WARN_NON_LITERAL_NULL_CONVERSION = YES;
				CLANG_WARN_OBJC_IMPLICIT_RETAIN_SELF = YES;
				CLANG_WARN_OBJC_LITERAL_CONVERSION = YES;
				CLANG_WARN_OBJC_ROOT_CLASS = YES_ERROR;
				CLANG_WARN_RANGE_LOOP_ANALYSIS = YES;
				CLANG_WARN_STRICT_PROTOTYPES = YES;
				CLANG_WARN_SUSPICIOUS_MOVE = YES;
				CLANG_WARN_UNGUARDED_AVAILABILITY = YES_AGGRESSIVE;
				CLANG_WARN_UNREACHABLE_CODE = YES;
				CLANG_WARN__DUPLICATE_METHOD_MATCH = YES;
				COPY_PHASE_STRIP = NO;
				DEBUG_INFORMATION_FORMAT = dwarf;
				ENABLE_STRICT_OBJC_MSGSEND = YES;
				ENABLE_TESTABILITY = YES;
				GCC_C_LANGUAGE_STANDARD = gnu11;
				GCC_DYNAMIC_NO_PIC = NO;
				GCC_NO_COMMON_BLOCKS = YES;
				GCC_OPTIMIZATION_LEVEL = 0;
				GCC_PREPROCESSOR_DEFINITIONS = (
					"DEBUG=1",
					"$(inherited)",
				);
				GCC_WARN_64_TO_32_BIT_CONVERSION = YES;
				GCC_WARN_ABOUT_RETURN_TYPE = YES_ERROR;
				GCC_WARN_UNDECLARED_SELECTOR = YES;
				GCC_WARN_UNINITIALIZED_AUTOS = YES_AGGRESSIVE;
				GCC_WARN_UNUSED_FUNCTION = YES;
				GCC_WARN_UNUSED_VARIABLE = YES;
				IPHONEOS_DEPLOYMENT_TARGET = 13.0;
				MTL_ENABLE_DEBUG_INFO = INCLUDE_SOURCE;
				MTL_FAST_MATH = YES;
				ONLY_ACTIVE_ARCH = YES;
				SDKROOT = iphoneos;
				SWIFT_ACTIVE_COMPILATION_CONDITIONS = DEBUG;
				SWIFT_OPTIMIZATION_LEVEL = "-Onone";
			};
			name = Debug;
		};
		05475E57230B1FDB00D8DEFC /* Release */ = {
			isa = XCBuildConfiguration;
			buildSettings = {
				ALWAYS_SEARCH_USER_PATHS = NO;
				CLANG_ANALYZER_NONNULL = YES;
				CLANG_ANALYZER_NUMBER_OBJECT_CONVERSION = YES_AGGRESSIVE;
				CLANG_CXX_LANGUAGE_STANDARD = "gnu++14";
				CLANG_CXX_LIBRARY = "libc++";
				CLANG_ENABLE_MODULES = YES;
				CLANG_ENABLE_OBJC_ARC = YES;
				CLANG_ENABLE_OBJC_WEAK = YES;
				CLANG_WARN_BLOCK_CAPTURE_AUTORELEASING = YES;
				CLANG_WARN_BOOL_CONVERSION = YES;
				CLANG_WARN_COMMA = YES;
				CLANG_WARN_CONSTANT_CONVERSION = YES;
				CLANG_WARN_DEPRECATED_OBJC_IMPLEMENTATIONS = YES;
				CLANG_WARN_DIRECT_OBJC_ISA_USAGE = YES_ERROR;
				CLANG_WARN_DOCUMENTATION_COMMENTS = YES;
				CLANG_WARN_EMPTY_BODY = YES;
				CLANG_WARN_ENUM_CONVERSION = YES;
				CLANG_WARN_INFINITE_RECURSION = YES;
				CLANG_WARN_INT_CONVERSION = YES;
				CLANG_WARN_NON_LITERAL_NULL_CONVERSION = YES;
				CLANG_WARN_OBJC_IMPLICIT_RETAIN_SELF = YES;
				CLANG_WARN_OBJC_LITERAL_CONVERSION = YES;
				CLANG_WARN_OBJC_ROOT_CLASS = YES_ERROR;
				CLANG_WARN_RANGE_LOOP_ANALYSIS = YES;
				CLANG_WARN_STRICT_PROTOTYPES = YES;
				CLANG_WARN_SUSPICIOUS_MOVE = YES;
				CLANG_WARN_UNGUARDED_AVAILABILITY = YES_AGGRESSIVE;
				CLANG_WARN_UNREACHABLE_CODE = YES;
				CLANG_WARN__DUPLICATE_METHOD_MATCH = YES;
				COPY_PHASE_STRIP = NO;
				DEBUG_INFORMATION_FORMAT = "dwarf-with-dsym";
				ENABLE_NS_ASSERTIONS = NO;
				ENABLE_STRICT_OBJC_MSGSEND = YES;
				GCC_C_LANGUAGE_STANDARD = gnu11;
				GCC_NO_COMMON_BLOCKS = YES;
				GCC_WARN_64_TO_32_BIT_CONVERSION = YES;
				GCC_WARN_ABOUT_RETURN_TYPE = YES_ERROR;
				GCC_WARN_UNDECLARED_SELECTOR = YES;
				GCC_WARN_UNINITIALIZED_AUTOS = YES_AGGRESSIVE;
				GCC_WARN_UNUSED_FUNCTION = YES;
				GCC_WARN_UNUSED_VARIABLE = YES;
				IPHONEOS_DEPLOYMENT_TARGET = 13.0;
				MTL_ENABLE_DEBUG_INFO = NO;
				MTL_FAST_MATH = YES;
				SDKROOT = iphoneos;
				SWIFT_COMPILATION_MODE = wholemodule;
				SWIFT_OPTIMIZATION_LEVEL = "-O";
				VALIDATE_PRODUCT = YES;
			};
			name = Release;
		};
		05475E59230B1FDB00D8DEFC /* Debug */ = {
			isa = XCBuildConfiguration;
			buildSettings = {
				ASSETCATALOG_COMPILER_APPICON_NAME = AppIcon;
				CODE_SIGN_STYLE = Automatic;
				DEVELOPMENT_ASSET_PATHS = "ItemDraft/Preview\\ Content";
				DEVELOPMENT_TEAM = Q5Z57QH4B2;
				ENABLE_PREVIEWS = YES;
				INFOPLIST_FILE = ItemDraft/Info.plist;
				LD_RUNPATH_SEARCH_PATHS = (
					"$(inherited)",
					"@executable_path/Frameworks",
				);
				PRODUCT_BUNDLE_IDENTIFIER = com.test.adsfadsfadsf.ItemDraft;
				PRODUCT_NAME = "$(TARGET_NAME)";
				SWIFT_VERSION = 5.0;
				TARGETED_DEVICE_FAMILY = "1,2";
			};
			name = Debug;
		};
		05475E5A230B1FDB00D8DEFC /* Release */ = {
			isa = XCBuildConfiguration;
			buildSettings = {
				ASSETCATALOG_COMPILER_APPICON_NAME = AppIcon;
				CODE_SIGN_STYLE = Automatic;
				DEVELOPMENT_ASSET_PATHS = "ItemDraft/Preview\\ Content";
				DEVELOPMENT_TEAM = Q5Z57QH4B2;
				ENABLE_PREVIEWS = YES;
				INFOPLIST_FILE = ItemDraft/Info.plist;
				LD_RUNPATH_SEARCH_PATHS = (
					"$(inherited)",
					"@executable_path/Frameworks",
				);
				PRODUCT_BUNDLE_IDENTIFIER = com.test.adsfadsfadsf.ItemDraft;
				PRODUCT_NAME = "$(TARGET_NAME)";
				SWIFT_VERSION = 5.0;
				TARGETED_DEVICE_FAMILY = "1,2";
			};
			name = Release;
		};
		05475E5C230B1FDB00D8DEFC /* Debug */ = {
			isa = XCBuildConfiguration;
			buildSettings = {
				ALWAYS_EMBED_SWIFT_STANDARD_LIBRARIES = YES;
				BUNDLE_LOADER = "$(TEST_HOST)";
				CODE_SIGN_STYLE = Automatic;
				DEVELOPMENT_TEAM = Q5Z57QH4B2;
				INFOPLIST_FILE = ItemDraftTests/Info.plist;
				LD_RUNPATH_SEARCH_PATHS = (
					"$(inherited)",
					"@executable_path/Frameworks",
					"@loader_path/Frameworks",
				);
				PRODUCT_BUNDLE_IDENTIFIER = com.test.adsfadsfadsf.ItemDraftTests;
				PRODUCT_NAME = "$(TARGET_NAME)";
				SWIFT_VERSION = 5.0;
				TARGETED_DEVICE_FAMILY = "1,2";
				TEST_HOST = "$(BUILT_PRODUCTS_DIR)/ItemDraft.app/ItemDraft";
			};
			name = Debug;
		};
		05475E5D230B1FDB00D8DEFC /* Release */ = {
			isa = XCBuildConfiguration;
			buildSettings = {
				ALWAYS_EMBED_SWIFT_STANDARD_LIBRARIES = YES;
				BUNDLE_LOADER = "$(TEST_HOST)";
				CODE_SIGN_STYLE = Automatic;
				DEVELOPMENT_TEAM = Q5Z57QH4B2;
				INFOPLIST_FILE = ItemDraftTests/Info.plist;
				LD_RUNPATH_SEARCH_PATHS = (
					"$(inherited)",
					"@executable_path/Frameworks",
					"@loader_path/Frameworks",
				);
				PRODUCT_BUNDLE_IDENTIFIER = com.test.adsfadsfadsf.ItemDraftTests;
				PRODUCT_NAME = "$(TARGET_NAME)";
				SWIFT_VERSION = 5.0;
				TARGETED_DEVICE_FAMILY = "1,2";
				TEST_HOST = "$(BUILT_PRODUCTS_DIR)/ItemDraft.app/ItemDraft";
			};
			name = Release;
		};
		05475E5F230B1FDB00D8DEFC /* Debug */ = {
			isa = XCBuildConfiguration;
			buildSettings = {
				ALWAYS_EMBED_SWIFT_STANDARD_LIBRARIES = YES;
				CODE_SIGN_STYLE = Automatic;
				DEVELOPMENT_TEAM = Q5Z57QH4B2;
				INFOPLIST_FILE = ItemDraftUITests/Info.plist;
				LD_RUNPATH_SEARCH_PATHS = (
					"$(inherited)",
					"@executable_path/Frameworks",
					"@loader_path/Frameworks",
				);
				PRODUCT_BUNDLE_IDENTIFIER = com.test.adsfadsfadsf.ItemDraftUITests;
				PRODUCT_NAME = "$(TARGET_NAME)";
				SWIFT_VERSION = 5.0;
				TARGETED_DEVICE_FAMILY = "1,2";
				TEST_TARGET_NAME = ItemDraft;
			};
			name = Debug;
		};
		05475E60230B1FDB00D8DEFC /* Release */ = {
			isa = XCBuildConfiguration;
			buildSettings = {
				ALWAYS_EMBED_SWIFT_STANDARD_LIBRARIES = YES;
				CODE_SIGN_STYLE = Automatic;
				DEVELOPMENT_TEAM = Q5Z57QH4B2;
				INFOPLIST_FILE = ItemDraftUITests/Info.plist;
				LD_RUNPATH_SEARCH_PATHS = (
					"$(inherited)",
					"@executable_path/Frameworks",
					"@loader_path/Frameworks",
				);
				PRODUCT_BUNDLE_IDENTIFIER = com.test.adsfadsfadsf.ItemDraftUITests;
				PRODUCT_NAME = "$(TARGET_NAME)";
				SWIFT_VERSION = 5.0;
				TARGETED_DEVICE_FAMILY = "1,2";
				TEST_TARGET_NAME = ItemDraft;
			};
			name = Release;
		};
/* End XCBuildConfiguration section */

/* Begin XCConfigurationList section */
		05475E29230B1FD000D8DEFC /* Build configuration list for PBXProject "ItemDraft" */ = {
			isa = XCConfigurationList;
			buildConfigurations = (
				05475E56230B1FDB00D8DEFC /* Debug */,
				05475E57230B1FDB00D8DEFC /* Release */,
			);
			defaultConfigurationIsVisible = 0;
			defaultConfigurationName = Release;
		};
		05475E58230B1FDB00D8DEFC /* Build configuration list for PBXNativeTarget "ItemDraft" */ = {
			isa = XCConfigurationList;
			buildConfigurations = (
				05475E59230B1FDB00D8DEFC /* Debug */,
				05475E5A230B1FDB00D8DEFC /* Release */,
			);
			defaultConfigurationIsVisible = 0;
			defaultConfigurationName = Release;
		};
		05475E5B230B1FDB00D8DEFC /* Build configuration list for PBXNativeTarget "ItemDraftTests" */ = {
			isa = XCConfigurationList;
			buildConfigurations = (
				05475E5C230B1FDB00D8DEFC /* Debug */,
				05475E5D230B1FDB00D8DEFC /* Release */,
			);
			defaultConfigurationIsVisible = 0;
			defaultConfigurationName = Release;
		};
		05475E5E230B1FDB00D8DEFC /* Build configuration list for PBXNativeTarget "ItemDraftUITests" */ = {
			isa = XCConfigurationList;
			buildConfigurations = (
				05475E5F230B1FDB00D8DEFC /* Debug */,
				05475E60230B1FDB00D8DEFC /* Release */,
			);
			defaultConfigurationIsVisible = 0;
			defaultConfigurationName = Release;
		};
/* End XCConfigurationList section */
	};
	rootObject = 05475E26230B1FD000D8DEFC /* Project object */;
}
